
Microsoft Visual Studio Solution File, Format Version 12.00
# Visual Studio 2013
VisualStudioVersion = 12.0.21005.1
MinimumVisualStudioVersion = 10.0.40219.1
Project("{2150E333-8FDC-42A3-9474-1A3956D46DE8}") = "基础功能", "基础功能", "{8F490BDF-0FFF-4200-BA6B-7F3BB614D665}"
EndProject
Project("{FAE04EC0-301F-11D3-BF4B-00C04F79EFBC}") = "ZF.Repository", "ZF.Repository\ZF.Repository.csproj", "{828ACF00-E92E-4F16-930E-D466823B4A9A}"
	ProjectSection(ProjectDependencies) = postProject
		{C8779172-27C8-4365-A55D-7EE8AD764E21} = {C8779172-27C8-4365-A55D-7EE8AD764E21}
	EndProjectSection
EndProject
Project("{FAE04EC0-301F-11D3-BF4B-00C04F79EFBC}") = "Infrastructure", "Infrastructure\Infrastructure.csproj", "{C8779172-27C8-4365-A55D-7EE8AD764E21}"
EndProject
Project("{2150E333-8FDC-42A3-9474-1A3956D46DE8}") = "应用层", "应用层", "{C94ECFE2-0550-4C44-AB80-15B79CA64A2C}"
EndProject
Project("{FAE04EC0-301F-11D3-BF4B-00C04F79EFBC}") = "ZF.App", "ZF.App\ZF.App.csproj", "{C9695D6B-FF56-424F-82F0-D0201D677B1F}"
	ProjectSection(ProjectDependencies) = postProject
		{828ACF00-E92E-4F16-930E-D466823B4A9A} = {828ACF00-E92E-4F16-930E-D466823B4A9A}
		{C8779172-27C8-4365-A55D-7EE8AD764E21} = {C8779172-27C8-4365-A55D-7EE8AD764E21}
	EndProjectSection
EndProject
Project("{2150E333-8FDC-42A3-9474-1A3956D46DE8}") = "用户UI", "用户UI", "{CB65FE7E-04FB-4C61-89F7-3046986523BF}"
EndProject
Project("{FAE04EC0-301F-11D3-BF4B-00C04F79EFBC}") = "SwaggerApi", "SwaggerApi\SwaggerApi.csproj", "{56DF7941-17DB-4A1A-9694-A2E9187EE471}"
	ProjectSection(ProjectDependencies) = postProject
		{828ACF00-E92E-4F16-930E-D466823B4A9A} = {828ACF00-E92E-4F16-930E-D466823B4A9A}
		{C9695D6B-FF56-424F-82F0-D0201D677B1F} = {C9695D6B-FF56-424F-82F0-D0201D677B1F}
		{C8779172-27C8-4365-A55D-7EE8AD764E21} = {C8779172-27C8-4365-A55D-7EE8AD764E21}
	EndProjectSection
EndProject
Project("{FAE04EC0-301F-11D3-BF4B-00C04F79EFBC}") = "PayPal.Web", "PayPal.Web\PayPal.Web.csproj", "{2785CEDD-E367-4BC8-B107-CA186F70B9FC}"
	ProjectSection(ProjectDependencies) = postProject
		{56DF7941-17DB-4A1A-9694-A2E9187EE471} = {56DF7941-17DB-4A1A-9694-A2E9187EE471}
		{C9695D6B-FF56-424F-82F0-D0201D677B1F} = {C9695D6B-FF56-424F-82F0-D0201D677B1F}
		{C8779172-27C8-4365-A55D-7EE8AD764E21} = {C8779172-27C8-4365-A55D-7EE8AD764E21}
	EndProjectSection
EndProject
Global
	GlobalSection(SolutionConfigurationPlatforms) = preSolution
		Debug|Any CPU = Debug|Any CPU
		Release|Any CPU = Release|Any CPU
	EndGlobalSection
	GlobalSection(ProjectConfigurationPlatforms) = postSolution
		{828ACF00-E92E-4F16-930E-D466823B4A9A}.Debug|Any CPU.ActiveCfg = Debug|Any CPU
		{828ACF00-E92E-4F16-930E-D466823B4A9A}.Debug|Any CPU.Build.0 = Debug|Any CPU
		{828ACF00-E92E-4F16-930E-D466823B4A9A}.Release|Any CPU.ActiveCfg = Release|Any CPU
		{828ACF00-E92E-4F16-930E-D466823B4A9A}.Release|Any CPU.Build.0 = Release|Any CPU
		{C8779172-27C8-4365-A55D-7EE8AD764E21}.Debug|Any CPU.ActiveCfg = Debug|Any CPU
		{C8779172-27C8-4365-A55D-7EE8AD764E21}.Debug|Any CPU.Build.0 = Debug|Any CPU
		{C8779172-27C8-4365-A55D-7EE8AD764E21}.Release|Any CPU.ActiveCfg = Release|Any CPU
		{C8779172-27C8-4365-A55D-7EE8AD764E21}.Release|Any CPU.Build.0 = Release|Any CPU
		{C9695D6B-FF56-424F-82F0-D0201D677B1F}.Debug|Any CPU.ActiveCfg = Debug|Any CPU
		{C9695D6B-FF56-424F-82F0-D0201D677B1F}.Debug|Any CPU.Build.0 = Debug|Any CPU
		{C9695D6B-FF56-424F-82F0-D0201D677B1F}.Release|Any CPU.ActiveCfg = Release|Any CPU
		{C9695D6B-FF56-424F-82F0-D0201D677B1F}.Release|Any CPU.Build.0 = Release|Any CPU
		{56DF7941-17DB-4A1A-9694-A2E9187EE471}.Debug|Any CPU.ActiveCfg = Debug|Any CPU
		{56DF7941-17DB-4A1A-9694-A2E9187EE471}.Debug|Any CPU.Build.0 = Debug|Any CPU
		{56DF7941-17DB-4A1A-9694-A2E9187EE471}.Release|Any CPU.ActiveCfg = Release|Any CPU
		{56DF7941-17DB-4A1A-9694-A2E9187EE471}.Release|Any CPU.Build.0 = Release|Any CPU
		{2785CEDD-E367-4BC8-B107-CA186F70B9FC}.Debug|Any CPU.ActiveCfg = Debug|Any CPU
		{2785CEDD-E367-4BC8-B107-CA186F70B9FC}.Debug|Any CPU.Build.0 = Debug|Any CPU
		{2785CEDD-E367-4BC8-B107-CA186F70B9FC}.Release|Any CPU.ActiveCfg = Release|Any CPU
		{2785CEDD-E367-4BC8-B107-CA186F70B9FC}.Release|Any CPU.Build.0 = Release|Any CPU
	EndGlobalSection
	GlobalSection(SolutionProperties) = preSolution
		HideSolutionNode = FALSE
	EndGlobalSection
	GlobalSection(NestedProjects) = preSolution
		{828ACF00-E92E-4F16-930E-D466823B4A9A} = {8F490BDF-0FFF-4200-BA6B-7F3BB614D665}
		{C8779172-27C8-4365-A55D-7EE8AD764E21} = {8F490BDF-0FFF-4200-BA6B-7F3BB614D665}
		{C9695D6B-FF56-424F-82F0-D0201D677B1F} = {C94ECFE2-0550-4C44-AB80-15B79CA64A2C}
		{56DF7941-17DB-4A1A-9694-A2E9187EE471} = {CB65FE7E-04FB-4C61-89F7-3046986523BF}
		{2785CEDD-E367-4BC8-B107-CA186F70B9FC} = {CB65FE7E-04FB-4C61-89F7-3046986523BF}
	EndGlobalSection
EndGlobal
